{
  "pins" : [
    {
      "identity" : "posthog-ios",
      "kind" : "remoteSourceControl",
      "location" : "https://github.com/PostHog/posthog-ios",
      "state" : {
        "revision" : "1c9b3178746c8102c854c2569047aedcfdec8a0c",
        "version" : "3.69.0"
      }
    }
  ],
  "version" : 2
}
