PODS:
  - Flutter (1.0.0)
  - PostHog (2.0.0)
  - posthog_flutter (0.0.1):
    - Flutter
    - PostHog (~> 2.0.0)

DEPENDENCIES:
  - Flutter (from `Flutter`)
  - "PostHog (from `git@github.com:SafeNow100/posthog-ios.git`)"
  - posthog_flutter (from `.symlinks/plugins/posthog_flutter/ios`)

EXTERNAL SOURCES:
  Flutter:
    :path: Flutter
  PostHog:
    :git: "git@github.com:SafeNow100/posthog-ios.git"
  posthog_flutter:
    :path: ".symlinks/plugins/posthog_flutter/ios"

CHECKOUT OPTIONS:
  PostHog:
    :commit: 75e22276faf2cf62f268e42e5965439c70e602dd
    :git: "git@github.com:SafeNow100/posthog-ios.git"

SPEC CHECKSUMS:
  Flutter: 50d75fe2f02b26cc09d224853bb45737f8b3214a
  PostHog: 660ec6c9d80cec17b685e148f17f6785a88b597d
  posthog_flutter: 26034bf2a278b52bcf4200fa31e45f4b1581d39f

PODFILE CHECKSUM: b5a11171241f2a7577da488229d9741beb6022ed

COCOAPODS: 1.11.3
