PODS:
  - Flutter (1.0.0)
  - PostHog (1.4.4)
  - posthog_flutter (0.0.1):
    - Flutter
    - PostHog (~> 1.4.4)

DEPENDENCIES:
  - Flutter (from `Flutter`)
  - posthog_flutter (from `.symlinks/plugins/posthog_flutter/ios`)

SPEC REPOS:
  trunk:
    - PostHog

EXTERNAL SOURCES:
  Flutter:
    :path: Flutter
  posthog_flutter:
    :path: ".symlinks/plugins/posthog_flutter/ios"

SPEC CHECKSUMS:
  Flutter: 50d75fe2f02b26cc09d224853bb45737f8b3214a
  PostHog: 4b6321b521569092d4ef3a02238d9435dbaeb99f
  posthog_flutter: f491e6dfccc47447eacaf561467db6087701b536

PODFILE CHECKSUM: 8e679eca47255a8ca8067c4c67aab20e64cb974d

COCOAPODS: 1.11.2
