{
  "pins" : [
    {
      "identity" : "posthog-ios",
      "kind" : "remoteSourceControl",
      "location" : "https://github.com/PostHog/posthog-ios",
      "state" : {
        "revision" : "714fd79d8d7496862125dc700946eaccb8a8fce9",
        "version" : "3.80.0"
      }
    }
  ],
  "version" : 2
}
