PODS:
  - FlutterMacOS (1.0.0)
  - PostHog (3.48.3)
  - posthog_flutter (0.0.1):
    - Flutter
    - FlutterMacOS
    - PostHog (< 4.0.0, >= 3.47.0)

DEPENDENCIES:
  - FlutterMacOS (from `Flutter/ephemeral`)
  - posthog_flutter (from `Flutter/ephemeral/.symlinks/plugins/posthog_flutter/darwin`)

SPEC REPOS:
  trunk:
    - PostHog

EXTERNAL SOURCES:
  FlutterMacOS:
    :path: Flutter/ephemeral
  posthog_flutter:
    :path: Flutter/ephemeral/.symlinks/plugins/posthog_flutter/darwin

SPEC CHECKSUMS:
  FlutterMacOS: d0db08ddef1a9af05a5ec4b724367152bb0500b1
  PostHog: 38e00e9376b90f0d92de958105029e4736ffe7f9
  posthog_flutter: 789630788986be1f728624d10f4b4e753f83c39f

PODFILE CHECKSUM: 9ebaf0ce3d369aaa26a9ea0e159195ed94724cf3

COCOAPODS: 1.16.2
