{
  "pins" : [
    {
      "identity" : "posthog-ios",
      "kind" : "remoteSourceControl",
      "location" : "https://github.com/PostHog/posthog-ios",
      "state" : {
        "revision" : "9fcdb83e79b155c0dae104eadf5c269079dcbddb",
        "version" : "3.62.0"
      }
    }
  ],
  "version" : 2
}
