{
  "pins" : [
    {
      "identity" : "posthog-ios",
      "kind" : "remoteSourceControl",
      "location" : "https://github.com/PostHog/posthog-ios",
      "state" : {
        "revision" : "19288ee2f0575606b4669b2abadda2c9db97c529",
        "version" : "3.66.1"
      }
    }
  ],
  "version" : 2
}
